{
  "name": "html-generator-npm",
  "version": "1.0.3",
  "lockfileVersion": 2,
  "requires": true,
  "packages": {
    "": {
      "version": "1.0.3",
      "license": "MIT",
      "dependencies": {
        "async": "^3.2.0",
        "fs": "*",
        "html-generator-npm": "^1.0.0",
        "toris-format": "^1.7.25"
      },
      "engines": {
        "node": ">=6.0.0"
      }
    },
    "node_modules/async": {
      "version": "3.2.2",
      "resolved": "https://registry.npmjs.org/async/-/async-3.2.2.tgz",
      "integrity": "sha512-H0E+qZaDEfx/FY4t7iLRv1W2fFI6+pyCeTw1uN20AQPiwqwM6ojPxHxdLv4z8hi2DtnW9BOckSspLucW7pIE5g=="
    },
    "node_modules/bluebird": {
      "version": "3.7.2",
      "resolved": "https://registry.npmjs.org/bluebird/-/bluebird-3.7.2.tgz",
      "integrity": "sha512-XpNj6GDQzdfW+r2Wnn7xiSAd7TM3jzkxGXBGTtWKuSXv1xUV+azxAm8jdWZN06QTQk+2N2XB9jRDkvbmQmcRtg=="
    },
    "node_modules/color-print": {
      "version": "1.0.2",
      "resolved": "https://registry.npmjs.org/color-print/-/color-print-1.0.2.tgz",
      "integrity": "sha1-TuZ3L/VUp1KSSBvJdYBK5u1j+Qg="
    },
    "node_modules/fs": {
      "version": "0.0.1-security",
      "resolved": "https://registry.npmjs.org/fs/-/fs-0.0.1-security.tgz",
      "integrity": "sha1-invTcYa23d84E/I4WLV+yq9eQdQ="
    },
    "node_modules/fs-process": {
      "version": "1.0.1",
      "resolved": "https://registry.npmjs.org/fs-process/-/fs-process-1.0.1.tgz",
      "integrity": "sha1-OZ4BvD0SCxE1FoA9IkjGRKmz6Ok=",
      "dependencies": {
        "bluebird": "^3.4.7",
        "color-print": "^1.0.1"
      }
    },
    "node_modules/html-generator-npm": {
      "version": "1.0.0",
      "resolved": "https://registry.npmjs.org/html-generator-npm/-/html-generator-npm-1.0.0.tgz",
      "integrity": "sha512-eps+nnCAGeE371xj5BnmopPN6oY8VvC1qCk5e7ZQzlMbLjDWxMwf5ps3aA4uqElQFx+NWgd54DxGj9f+Cqd0IQ==",
      "dependencies": {
        "fs": "*",
        "toris-format": "^1.7.25"
      },
      "engines": {
        "node": ">=6.0.0"
      }
    },
    "node_modules/toris-format": {
      "version": "1.7.25",
      "resolved": "https://registry.npmjs.org/toris-format/-/toris-format-1.7.25.tgz",
      "integrity": "sha512-pvwgYlvTpSgH29bspmZ5FqbTmOCrWQCjPNcl72zJsiDYhwT2noN5m25D2yeewXkihZaQyQO/0I2iBAd48LtwOg==",
      "dependencies": {
        "color-print": "^1.0.2",
        "fs-process": "^1.0.1"
      }
    }
  },
  "dependencies": {
    "async": {
      "version": "3.2.2",
      "resolved": "https://registry.npmjs.org/async/-/async-3.2.2.tgz",
      "integrity": "sha512-H0E+qZaDEfx/FY4t7iLRv1W2fFI6+pyCeTw1uN20AQPiwqwM6ojPxHxdLv4z8hi2DtnW9BOckSspLucW7pIE5g=="
    },
    "bluebird": {
      "version": "3.7.2",
      "resolved": "https://registry.npmjs.org/bluebird/-/bluebird-3.7.2.tgz",
      "integrity": "sha512-XpNj6GDQzdfW+r2Wnn7xiSAd7TM3jzkxGXBGTtWKuSXv1xUV+azxAm8jdWZN06QTQk+2N2XB9jRDkvbmQmcRtg=="
    },
    "color-print": {
      "version": "1.0.2",
      "resolved": "https://registry.npmjs.org/color-print/-/color-print-1.0.2.tgz",
      "integrity": "sha1-TuZ3L/VUp1KSSBvJdYBK5u1j+Qg="
    },
    "fs": {
      "version": "0.0.1-security",
      "resolved": "https://registry.npmjs.org/fs/-/fs-0.0.1-security.tgz",
      "integrity": "sha1-invTcYa23d84E/I4WLV+yq9eQdQ="
    },
    "fs-process": {
      "version": "1.0.1",
      "resolved": "https://registry.npmjs.org/fs-process/-/fs-process-1.0.1.tgz",
      "integrity": "sha1-OZ4BvD0SCxE1FoA9IkjGRKmz6Ok=",
      "requires": {
        "bluebird": "^3.4.7",
        "color-print": "^1.0.1"
      }
    },
    "html-generator-npm": {
      "version": "1.0.0",
      "resolved": "https://registry.npmjs.org/html-generator-npm/-/html-generator-npm-1.0.0.tgz",
      "integrity": "sha512-eps+nnCAGeE371xj5BnmopPN6oY8VvC1qCk5e7ZQzlMbLjDWxMwf5ps3aA4uqElQFx+NWgd54DxGj9f+Cqd0IQ==",
      "requires": {
        "fs": "*",
        "toris-format": "^1.7.25"
      }
    },
    "toris-format": {
      "version": "1.7.25",
      "resolved": "https://registry.npmjs.org/toris-format/-/toris-format-1.7.25.tgz",
      "integrity": "sha512-pvwgYlvTpSgH29bspmZ5FqbTmOCrWQCjPNcl72zJsiDYhwT2noN5m25D2yeewXkihZaQyQO/0I2iBAd48LtwOg==",
      "requires": {
        "color-print": "^1.0.2",
        "fs-process": "^1.0.1"
      }
    }
  }
}
